
Microsoft Visual Studio Solution File, Format Version 12.00
# Visual Studio Version 16
VisualStudioVersion = 16.0.29728.190
MinimumVisualStudioVersion = 10.0.40219.1
Project("{9A19103F-16F7-4668-BE54-9A1E7A4F7556}") = "Polygon.Core", "Polygon.Core\Polygon.Core.csproj", "{31B53498-D92B-4CC5-9CC6-D1F012F70C23}"
EndProject
Project("{2150E333-8FDC-42A3-9474-1A3956D46DE8}") = "Tests", "Tests", "{1EE226D4-A25A-44DC-B946-7699005474B8}"
EndProject
Project("{FAE04EC0-301F-11D3-BF4B-00C04F79EFBC}") = "Polygon.Core.UnitTests", "Polygon.Core.UnitTests\Polygon.Core.UnitTests.csproj", "{5AC77676-F095-4153-976D-9582BCB6CAC8}"
EndProject
Global
	GlobalSection(SolutionConfigurationPlatforms) = preSolution
		Debug|Any CPU = Debug|Any CPU
		Release|Any CPU = Release|Any CPU
	EndGlobalSection
	GlobalSection(ProjectConfigurationPlatforms) = postSolution
		{31B53498-D92B-4CC5-9CC6-D1F012F70C23}.Debug|Any CPU.ActiveCfg = Debug|Any CPU
		{31B53498-D92B-4CC5-9CC6-D1F012F70C23}.Debug|Any CPU.Build.0 = Debug|Any CPU
		{31B53498-D92B-4CC5-9CC6-D1F012F70C23}.Release|Any CPU.ActiveCfg = Release|Any CPU
		{31B53498-D92B-4CC5-9CC6-D1F012F70C23}.Release|Any CPU.Build.0 = Release|Any CPU
		{5AC77676-F095-4153-976D-9582BCB6CAC8}.Debug|Any CPU.ActiveCfg = Debug|Any CPU
		{5AC77676-F095-4153-976D-9582BCB6CAC8}.Debug|Any CPU.Build.0 = Debug|Any CPU
		{5AC77676-F095-4153-976D-9582BCB6CAC8}.Release|Any CPU.ActiveCfg = Release|Any CPU
		{5AC77676-F095-4153-976D-9582BCB6CAC8}.Release|Any CPU.Build.0 = Release|Any CPU
	EndGlobalSection
	GlobalSection(SolutionProperties) = preSolution
		HideSolutionNode = FALSE
	EndGlobalSection
	GlobalSection(NestedProjects) = preSolution
		{5AC77676-F095-4153-976D-9582BCB6CAC8} = {1EE226D4-A25A-44DC-B946-7699005474B8}
	EndGlobalSection
	GlobalSection(ExtensibilityGlobals) = postSolution
		SolutionGuid = {FCEABA8D-5396-42F9-8901-72DE7090D0E5}
	EndGlobalSection
EndGlobal
